
Microsoft Visual Studio Solution File, Format Version 12.00
# Visual Studio Version 17
VisualStudioVersion = 17.4.33103.184
MinimumVisualStudioVersion = 10.0.40219.1
Project("{FAE04EC0-301F-11D3-BF4B-00C04F79EFBC}") = "DistibuteurBoisson", "DistibuteurBoisson\DistibuteurBoisson.csproj", "{CAF3C67F-1FB4-40E5-AEA1-25888815048A}"
EndProject
Global
	GlobalSection(SolutionConfigurationPlatforms) = preSolution
		Debug|Any CPU = Debug|Any CPU
		Release|Any CPU = Release|Any CPU
	EndGlobalSection
	GlobalSection(ProjectConfigurationPlatforms) = postSolution
		{CAF3C67F-1FB4-40E5-AEA1-25888815048A}.Debug|Any CPU.ActiveCfg = Debug|Any CPU
		{CAF3C67F-1FB4-40E5-AEA1-25888815048A}.Debug|Any CPU.Build.0 = Debug|Any CPU
		{CAF3C67F-1FB4-40E5-AEA1-25888815048A}.Release|Any CPU.ActiveCfg = Release|Any CPU
		{CAF3C67F-1FB4-40E5-AEA1-25888815048A}.Release|Any CPU.Build.0 = Release|Any CPU
	EndGlobalSection
	GlobalSection(SolutionProperties) = preSolution
		HideSolutionNode = FALSE
	EndGlobalSection
	GlobalSection(ExtensibilityGlobals) = postSolution
		SolutionGuid = {A37F3F78-F8FD-4E44-B225-DCA266053DF2}
	EndGlobalSection
EndGlobal
